
Microsoft Visual Studio Solution File, Format Version 12.00
# Visual Studio Version 16
VisualStudioVersion = 16.0.33214.272
MinimumVisualStudioVersion = 10.0.40219.1
Project("{FAE04EC0-301F-11D3-BF4B-00C04F79EFBC}") = "prKol_ind1_Kuznetsov_A_Pr-23", "prKol_ind1_Kuznetsov_A_Pr-23.csproj", "{972C356F-AEA4-4CA4-B763-DA8BF290307E}"
EndProject
Global
	GlobalSection(SolutionConfigurationPlatforms) = preSolution
		Debug|Any CPU = Debug|Any CPU
		Release|Any CPU = Release|Any CPU
	EndGlobalSection
	GlobalSection(ProjectConfigurationPlatforms) = postSolution
		{972C356F-AEA4-4CA4-B763-DA8BF290307E}.Debug|Any CPU.ActiveCfg = Debug|Any CPU
		{972C356F-AEA4-4CA4-B763-DA8BF290307E}.Debug|Any CPU.Build.0 = Debug|Any CPU
		{972C356F-AEA4-4CA4-B763-DA8BF290307E}.Release|Any CPU.ActiveCfg = Release|Any CPU
		{972C356F-AEA4-4CA4-B763-DA8BF290307E}.Release|Any CPU.Build.0 = Release|Any CPU
	EndGlobalSection
	GlobalSection(SolutionProperties) = preSolution
		HideSolutionNode = FALSE
	EndGlobalSection
	GlobalSection(ExtensibilityGlobals) = postSolution
		SolutionGuid = {11E73F0C-1B54-4AAB-B99C-4745B62D0704}
	EndGlobalSection
EndGlobal
